
Microsoft Visual Studio Solution File, Format Version 12.00
# Visual Studio Version 16
VisualStudioVersion = 16.0.29001.49
MinimumVisualStudioVersion = 10.0.40219.1
Project("{FAE04EC0-301F-11D3-BF4B-00C04F79EFBC}") = "ETS2 Local Radio desktop", "ETS2 Local Radio desktop\ETS2 Local Radio desktop.csproj", "{B0B66C89-4096-47BE-AF11-38CC83FADE40}"
EndProject
Project("{FAE04EC0-301F-11D3-BF4B-00C04F79EFBC}") = "Capture", "Capture\Capture.csproj", "{23178A3D-2AC0-419A-B1B6-59CA45191270}"
EndProject
Global
	GlobalSection(SolutionConfigurationPlatforms) = preSolution
		Debug|Any CPU = Debug|Any CPU
		Debug|x86 = Debug|x86
		Release|Any CPU = Release|Any CPU
		Release|x86 = Release|x86
	EndGlobalSection
	GlobalSection(ProjectConfigurationPlatforms) = postSolution
		{B0B66C89-4096-47BE-AF11-38CC83FADE40}.Debug|Any CPU.ActiveCfg = Debug|Any CPU
		{B0B66C89-4096-47BE-AF11-38CC83FADE40}.Debug|Any CPU.Build.0 = Debug|Any CPU
		{B0B66C89-4096-47BE-AF11-38CC83FADE40}.Debug|x86.ActiveCfg = Debug|x86
		{B0B66C89-4096-47BE-AF11-38CC83FADE40}.Debug|x86.Build.0 = Debug|x86
		{B0B66C89-4096-47BE-AF11-38CC83FADE40}.Release|Any CPU.ActiveCfg = Release|Any CPU
		{B0B66C89-4096-47BE-AF11-38CC83FADE40}.Release|Any CPU.Build.0 = Release|Any CPU
		{B0B66C89-4096-47BE-AF11-38CC83FADE40}.Release|x86.ActiveCfg = Release|x86
		{B0B66C89-4096-47BE-AF11-38CC83FADE40}.Release|x86.Build.0 = Release|x86
		{23178A3D-2AC0-419A-B1B6-59CA45191270}.Debug|Any CPU.ActiveCfg = Debug|Any CPU
		{23178A3D-2AC0-419A-B1B6-59CA45191270}.Debug|Any CPU.Build.0 = Debug|Any CPU
		{23178A3D-2AC0-419A-B1B6-59CA45191270}.Debug|x86.ActiveCfg = Debug|Any CPU
		{23178A3D-2AC0-419A-B1B6-59CA45191270}.Debug|x86.Build.0 = Debug|Any CPU
		{23178A3D-2AC0-419A-B1B6-59CA45191270}.Release|Any CPU.ActiveCfg = Release|Any CPU
		{23178A3D-2AC0-419A-B1B6-59CA45191270}.Release|Any CPU.Build.0 = Release|Any CPU
		{23178A3D-2AC0-419A-B1B6-59CA45191270}.Release|x86.ActiveCfg = Release|Any CPU
		{23178A3D-2AC0-419A-B1B6-59CA45191270}.Release|x86.Build.0 = Release|Any CPU
	EndGlobalSection
	GlobalSection(SolutionProperties) = preSolution
		HideSolutionNode = FALSE
	EndGlobalSection
	GlobalSection(ExtensibilityGlobals) = postSolution
		SolutionGuid = {2BF96296-89B6-441D-BF71-601B40D80609}
	EndGlobalSection
EndGlobal
